
Microsoft Visual Studio Solution File, Format Version 12.00
# Visual Studio Version 16
VisualStudioVersion = 16.0.29503.13
MinimumVisualStudioVersion = 10.0.40219.1
Project("{9A19103F-16F7-4668-BE54-9A1E7A4F7556}") = "NUnit_TriangleExercise", "NUnit_TriangleExercise\NUnit_TriangleExercise.csproj", "{C6CF9EF2-F67F-429F-B27B-2A0B2CF03AF0}"
EndProject
Project("{FAE04EC0-301F-11D3-BF4B-00C04F79EFBC}") = "TriangleTest", "TriangleTest\TriangleTest.csproj", "{73F1C20C-1C47-4378-9939-6B797F8320C8}"
EndProject
Global
	GlobalSection(SolutionConfigurationPlatforms) = preSolution
		Debug|Any CPU = Debug|Any CPU
		Release|Any CPU = Release|Any CPU
	EndGlobalSection
	GlobalSection(ProjectConfigurationPlatforms) = postSolution
		{C6CF9EF2-F67F-429F-B27B-2A0B2CF03AF0}.Debug|Any CPU.ActiveCfg = Debug|Any CPU
		{C6CF9EF2-F67F-429F-B27B-2A0B2CF03AF0}.Debug|Any CPU.Build.0 = Debug|Any CPU
		{C6CF9EF2-F67F-429F-B27B-2A0B2CF03AF0}.Release|Any CPU.ActiveCfg = Release|Any CPU
		{C6CF9EF2-F67F-429F-B27B-2A0B2CF03AF0}.Release|Any CPU.Build.0 = Release|Any CPU
		{73F1C20C-1C47-4378-9939-6B797F8320C8}.Debug|Any CPU.ActiveCfg = Debug|Any CPU
		{73F1C20C-1C47-4378-9939-6B797F8320C8}.Debug|Any CPU.Build.0 = Debug|Any CPU
		{73F1C20C-1C47-4378-9939-6B797F8320C8}.Release|Any CPU.ActiveCfg = Release|Any CPU
		{73F1C20C-1C47-4378-9939-6B797F8320C8}.Release|Any CPU.Build.0 = Release|Any CPU
	EndGlobalSection
	GlobalSection(SolutionProperties) = preSolution
		HideSolutionNode = FALSE
	EndGlobalSection
	GlobalSection(ExtensibilityGlobals) = postSolution
		SolutionGuid = {A21CB62D-7C24-4398-B3C1-25E50F8C52D3}
	EndGlobalSection
EndGlobal
